
Microsoft Visual Studio Solution File, Format Version 12.00
# Visual Studio Version 17
VisualStudioVersion = 17.14.36518.9 d17.14
MinimumVisualStudioVersion = 10.0.40219.1
Project("{8BC9CEB8-8B4A-11D0-8D11-00A0C91BC942}") = "Mineweeper test.1", "Mineweeper test.1\Mineweeper test.1.vcxproj", "{ABBB3017-A818-4C13-AB33-4E55FEB75B59}"
EndProject
Global
	GlobalSection(SolutionConfigurationPlatforms) = preSolution
		Debug|x64 = Debug|x64
		Debug|x86 = Debug|x86
		Release|x64 = Release|x64
		Release|x86 = Release|x86
	EndGlobalSection
	GlobalSection(ProjectConfigurationPlatforms) = postSolution
		{ABBB3017-A818-4C13-AB33-4E55FEB75B59}.Debug|x64.ActiveCfg = Debug|x64
		{ABBB3017-A818-4C13-AB33-4E55FEB75B59}.Debug|x64.Build.0 = Debug|x64
		{ABBB3017-A818-4C13-AB33-4E55FEB75B59}.Debug|x86.ActiveCfg = Debug|Win32
		{ABBB3017-A818-4C13-AB33-4E55FEB75B59}.Debug|x86.Build.0 = Debug|Win32
		{ABBB3017-A818-4C13-AB33-4E55FEB75B59}.Release|x64.ActiveCfg = Release|x64
		{ABBB3017-A818-4C13-AB33-4E55FEB75B59}.Release|x64.Build.0 = Release|x64
		{ABBB3017-A818-4C13-AB33-4E55FEB75B59}.Release|x86.ActiveCfg = Release|Win32
		{ABBB3017-A818-4C13-AB33-4E55FEB75B59}.Release|x86.Build.0 = Release|Win32
	EndGlobalSection
	GlobalSection(SolutionProperties) = preSolution
		HideSolutionNode = FALSE
	EndGlobalSection
	GlobalSection(ExtensibilityGlobals) = postSolution
		SolutionGuid = {64CC00FF-71F9-4006-B2E7-0EB2D9E00823}
	EndGlobalSection
EndGlobal
